
Microsoft Visual Studio Solution File, Format Version 12.00
# Visual Studio Version 17
VisualStudioVersion = 17.3.32804.467
MinimumVisualStudioVersion = 10.0.40219.1
Project("{FAE04EC0-301F-11D3-BF4B-00C04F79EFBC}") = "GPS_MODERNO.Android", "GPS_MODERNO\GPS_MODERNO.Android\GPS_MODERNO.Android.csproj", "{9821BFF9-3097-4A36-B187-F325547954AA}"
EndProject
Project("{FAE04EC0-301F-11D3-BF4B-00C04F79EFBC}") = "GPS_MODERNO.iOS", "GPS_MODERNO\GPS_MODERNO.iOS\GPS_MODERNO.iOS.csproj", "{A30EF36F-BD82-4F2E-A72E-2CF0A394BDF5}"
EndProject
Project("{FAE04EC0-301F-11D3-BF4B-00C04F79EFBC}") = "GPS_MODERNO", "GPS_MODERNO\GPS_MODERNO\GPS_MODERNO.csproj", "{7BDB436E-6D74-4ECD-8F6F-7B19D557DFA4}"
EndProject
Global
	GlobalSection(SolutionConfigurationPlatforms) = preSolution
		Debug|Any CPU = Debug|Any CPU
		Debug|iPhone = Debug|iPhone
		Debug|iPhoneSimulator = Debug|iPhoneSimulator
		Release|Any CPU = Release|Any CPU
		Release|iPhone = Release|iPhone
		Release|iPhoneSimulator = Release|iPhoneSimulator
	EndGlobalSection
	GlobalSection(ProjectConfigurationPlatforms) = postSolution
		{9821BFF9-3097-4A36-B187-F325547954AA}.Debug|Any CPU.ActiveCfg = Debug|Any CPU
		{9821BFF9-3097-4A36-B187-F325547954AA}.Debug|Any CPU.Build.0 = Debug|Any CPU
		{9821BFF9-3097-4A36-B187-F325547954AA}.Debug|Any CPU.Deploy.0 = Debug|Any CPU
		{9821BFF9-3097-4A36-B187-F325547954AA}.Debug|iPhone.ActiveCfg = Debug|Any CPU
		{9821BFF9-3097-4A36-B187-F325547954AA}.Debug|iPhone.Build.0 = Debug|Any CPU
		{9821BFF9-3097-4A36-B187-F325547954AA}.Debug|iPhone.Deploy.0 = Debug|Any CPU
		{9821BFF9-3097-4A36-B187-F325547954AA}.Debug|iPhoneSimulator.ActiveCfg = Debug|Any CPU
		{9821BFF9-3097-4A36-B187-F325547954AA}.Debug|iPhoneSimulator.Build.0 = Debug|Any CPU
		{9821BFF9-3097-4A36-B187-F325547954AA}.Debug|iPhoneSimulator.Deploy.0 = Debug|Any CPU
		{9821BFF9-3097-4A36-B187-F325547954AA}.Release|Any CPU.ActiveCfg = Release|Any CPU
		{9821BFF9-3097-4A36-B187-F325547954AA}.Release|Any CPU.Build.0 = Release|Any CPU
		{9821BFF9-3097-4A36-B187-F325547954AA}.Release|Any CPU.Deploy.0 = Release|Any CPU
		{9821BFF9-3097-4A36-B187-F325547954AA}.Release|iPhone.ActiveCfg = Release|Any CPU
		{9821BFF9-3097-4A36-B187-F325547954AA}.Release|iPhone.Build.0 = Release|Any CPU
		{9821BFF9-3097-4A36-B187-F325547954AA}.Release|iPhone.Deploy.0 = Release|Any CPU
		{9821BFF9-3097-4A36-B187-F325547954AA}.Release|iPhoneSimulator.ActiveCfg = Release|Any CPU
		{9821BFF9-3097-4A36-B187-F325547954AA}.Release|iPhoneSimulator.Build.0 = Release|Any CPU
		{9821BFF9-3097-4A36-B187-F325547954AA}.Release|iPhoneSimulator.Deploy.0 = Release|Any CPU
		{A30EF36F-BD82-4F2E-A72E-2CF0A394BDF5}.Debug|Any CPU.ActiveCfg = Debug|iPhone
		{A30EF36F-BD82-4F2E-A72E-2CF0A394BDF5}.Debug|Any CPU.Build.0 = Debug|iPhone
		{A30EF36F-BD82-4F2E-A72E-2CF0A394BDF5}.Debug|Any CPU.Deploy.0 = Debug|iPhone
		{A30EF36F-BD82-4F2E-A72E-2CF0A394BDF5}.Debug|iPhone.ActiveCfg = Debug|iPhone
		{A30EF36F-BD82-4F2E-A72E-2CF0A394BDF5}.Debug|iPhone.Build.0 = Debug|iPhone
		{A30EF36F-BD82-4F2E-A72E-2CF0A394BDF5}.Debug|iPhone.Deploy.0 = Debug|iPhone
		{A30EF36F-BD82-4F2E-A72E-2CF0A394BDF5}.Debug|iPhoneSimulator.ActiveCfg = Debug|iPhoneSimulator
		{A30EF36F-BD82-4F2E-A72E-2CF0A394BDF5}.Debug|iPhoneSimulator.Build.0 = Debug|iPhoneSimulator
		{A30EF36F-BD82-4F2E-A72E-2CF0A394BDF5}.Debug|iPhoneSimulator.Deploy.0 = Debug|iPhoneSimulator
		{A30EF36F-BD82-4F2E-A72E-2CF0A394BDF5}.Release|Any CPU.ActiveCfg = Release|iPhoneSimulator
		{A30EF36F-BD82-4F2E-A72E-2CF0A394BDF5}.Release|Any CPU.Build.0 = Release|iPhoneSimulator
		{A30EF36F-BD82-4F2E-A72E-2CF0A394BDF5}.Release|Any CPU.Deploy.0 = Release|iPhoneSimulator
		{A30EF36F-BD82-4F2E-A72E-2CF0A394BDF5}.Release|iPhone.ActiveCfg = Release|iPhone
		{A30EF36F-BD82-4F2E-A72E-2CF0A394BDF5}.Release|iPhone.Build.0 = Release|iPhone
		{A30EF36F-BD82-4F2E-A72E-2CF0A394BDF5}.Release|iPhone.Deploy.0 = Release|iPhone
		{A30EF36F-BD82-4F2E-A72E-2CF0A394BDF5}.Release|iPhoneSimulator.ActiveCfg = Release|iPhoneSimulator
		{A30EF36F-BD82-4F2E-A72E-2CF0A394BDF5}.Release|iPhoneSimulator.Build.0 = Release|iPhoneSimulator
		{A30EF36F-BD82-4F2E-A72E-2CF0A394BDF5}.Release|iPhoneSimulator.Deploy.0 = Release|iPhoneSimulator
		{7BDB436E-6D74-4ECD-8F6F-7B19D557DFA4}.Debug|Any CPU.ActiveCfg = Debug|Any CPU
		{7BDB436E-6D74-4ECD-8F6F-7B19D557DFA4}.Debug|Any CPU.Build.0 = Debug|Any CPU
		{7BDB436E-6D74-4ECD-8F6F-7B19D557DFA4}.Debug|Any CPU.Deploy.0 = Debug|Any CPU
		{7BDB436E-6D74-4ECD-8F6F-7B19D557DFA4}.Debug|iPhone.ActiveCfg = Debug|Any CPU
		{7BDB436E-6D74-4ECD-8F6F-7B19D557DFA4}.Debug|iPhone.Build.0 = Debug|Any CPU
		{7BDB436E-6D74-4ECD-8F6F-7B19D557DFA4}.Debug|iPhone.Deploy.0 = Debug|Any CPU
		{7BDB436E-6D74-4ECD-8F6F-7B19D557DFA4}.Debug|iPhoneSimulator.ActiveCfg = Debug|Any CPU
		{7BDB436E-6D74-4ECD-8F6F-7B19D557DFA4}.Debug|iPhoneSimulator.Build.0 = Debug|Any CPU
		{7BDB436E-6D74-4ECD-8F6F-7B19D557DFA4}.Debug|iPhoneSimulator.Deploy.0 = Debug|Any CPU
		{7BDB436E-6D74-4ECD-8F6F-7B19D557DFA4}.Release|Any CPU.ActiveCfg = Release|Any CPU
		{7BDB436E-6D74-4ECD-8F6F-7B19D557DFA4}.Release|Any CPU.Build.0 = Release|Any CPU
		{7BDB436E-6D74-4ECD-8F6F-7B19D557DFA4}.Release|Any CPU.Deploy.0 = Release|Any CPU
		{7BDB436E-6D74-4ECD-8F6F-7B19D557DFA4}.Release|iPhone.ActiveCfg = Release|Any CPU
		{7BDB436E-6D74-4ECD-8F6F-7B19D557DFA4}.Release|iPhone.Build.0 = Release|Any CPU
		{7BDB436E-6D74-4ECD-8F6F-7B19D557DFA4}.Release|iPhone.Deploy.0 = Release|Any CPU
		{7BDB436E-6D74-4ECD-8F6F-7B19D557DFA4}.Release|iPhoneSimulator.ActiveCfg = Release|Any CPU
		{7BDB436E-6D74-4ECD-8F6F-7B19D557DFA4}.Release|iPhoneSimulator.Build.0 = Release|Any CPU
		{7BDB436E-6D74-4ECD-8F6F-7B19D557DFA4}.Release|iPhoneSimulator.Deploy.0 = Release|Any CPU
	EndGlobalSection
	GlobalSection(SolutionProperties) = preSolution
		HideSolutionNode = FALSE
	EndGlobalSection
	GlobalSection(ExtensibilityGlobals) = postSolution
		SolutionGuid = {E02FCDCB-4E01-4677-B8CD-06235D85186E}
	EndGlobalSection
EndGlobal
